// !$*UTF8*$!
{
	archiveVersion = 1;
	classes = {
	};
	objectVersion = 46;
	objects = {

/* Begin PBXBuildFile section */
		AC8B6D0F1C56DCF200598B6F /* main.c in Sources */ = {isa = PBXBuildFile; fileRef = AC8B6D0E1C56DCF200598B6F /* main.c */; };
		AC8B6D1A1C56DEB000598B6F /* fplib.c in Sources */ = {isa = PBXBuildFile; fileRef = AC8B6D181C56DEB000598B6F /* fplib.c */; };
/* End PBXBuildFile section */

/* Begin PBXCopyFilesBuildPhase section */
		AC8B6D091C56DCF200598B6F /* CopyFiles */ = {
			isa = PBXCopyFilesBuildPhase;
			buildActionMask = 2147483647;
			dstPath = /usr/share/man/man1/;
			dstSubfolderSpec = 0;
			files = (
			);
			runOnlyForDeploymentPostprocessing = 1;
		};
/* End PBXCopyFilesBuildPhase section */

/* Begin PBXFileReference section */
		AC8B6D0B1C56DCF200598B6F /* floatingPointEncodings */ = {isa = PBXFileReference; explicitFileType = "compiled.mach-o.executable"; includeInIndex = 0; path = floatingPointEncodings; sourceTree = BUILT_PRODUCTS_DIR; };
		AC8B6D0E1C56DCF200598B6F /* main.c */ = {isa = PBXFileReference; lastKnownFileType = sourcecode.c.c; path = main.c; sourceTree = "<group>"; };
		AC8B6D181C56DEB000598B6F /* fplib.c */ = {isa = PBXFileReference; fileEncoding = 4; lastKnownFileType = sourcecode.c.c; name = fplib.c; path = ../fplib.c; sourceTree = "<group>"; };
		AC8B6D191C56DEB000598B6F /* fplib.h */ = {isa = PBXFileReference; fileEncoding = 4; lastKnownFileType = sourcecode.c.h; name = fplib.h; path = ../fplib.h; sourceTree = "<group>"; };
/* End PBXFileReference section */

/* Begin PBXFrameworksBuildPhase section */
		AC8B6D081C56DCF200598B6F /* Frameworks */ = {
			isa = PBXFrameworksBuildPhase;
			buildActionMask = 2147483647;
			files = (
			);
			runOnlyForDeploymentPostprocessing = 0;
		};
/* End PBXFrameworksBuildPhase section */

/* Begin PBXGroup section */
		AC8B6D021C56DCF200598B6F = {
			isa = PBXGroup;
			children = (
				AC8B6D0D1C56DCF200598B6F /* floatingPointEncodings */,
				AC8B6D0C1C56DCF200598B6F /* Products */,
			);
			sourceTree = "<group>";
		};
		AC8B6D0C1C56DCF200598B6F /* Products */ = {
			isa = PBXGroup;
			children = (
				AC8B6D0B1C56DCF200598B6F /* floatingPointEncodings */,
			);
			name = Products;
			sourceTree = "<group>";
		};
		AC8B6D0D1C56DCF200598B6F /* floatingPointEncodings */ = {
			isa = PBXGroup;
			children = (
				AC8B6D0E1C56DCF200598B6F /* main.c */,
				AC8B6D181C56DEB000598B6F /* fplib.c */,
				AC8B6D191C56DEB000598B6F /* fplib.h */,
			);
			path = floatingPointEncodings;
			sourceTree = "<group>";
		};
/* End PBXGroup section */

/* Begin PBXNativeTarget section */
		AC8B6D0A1C56DCF200598B6F /* floatingPointEncodings */ = {
			isa = PBXNativeTarget;
			buildConfigurationList = AC8B6D121C56DCF200598B6F /* Build configuration list for PBXNativeTarget "floatingPointEncodings" */;
			buildPhases = (
				AC8B6D071C56DCF200598B6F /* Sources */,
				AC8B6D081C56DCF200598B6F /* Frameworks */,
				AC8B6D091C56DCF200598B6F /* CopyFiles */,
			);
			buildRules = (
			);
			dependencies = (
			);
			name = floatingPointEncodings;
			productName = floatingPointEncodings;
			productReference = AC8B6D0B1C56DCF200598B6F /* floatingPointEncodings */;
			productType = "com.apple.product-type.tool";
		};
/* End PBXNativeTarget section */

/* Begin PBXProject section */
		AC8B6D031C56DCF200598B6F /* Project object */ = {
			isa = PBXProject;
			attributes = {
				LastUpgradeCheck = 0710;
				ORGANIZATIONNAME = "Kai Zhang";
				TargetAttributes = {
					AC8B6D0A1C56DCF200598B6F = {
						CreatedOnToolsVersion = 7.1.1;
					};
				};
			};
			buildConfigurationList = AC8B6D061C56DCF200598B6F /* Build configuration list for PBXProject "floatingPointEncodings" */;
			compatibilityVersion = "Xcode 3.2";
			developmentRegion = English;
			hasScannedForEncodings = 0;
			knownRegions = (
				en,
			);
			mainGroup = AC8B6D021C56DCF200598B6F;
			productRefGroup = AC8B6D0C1C56DCF200598B6F /* Products */;
			projectDirPath = "";
			projectRoot = "";
			targets = (
				AC8B6D0A1C56DCF200598B6F /* floatingPointEncodings */,
			);
		};
/* End PBXProject section */

/* Begin PBXSourcesBuildPhase section */
		AC8B6D071C56DCF200598B6F /* Sources */ = {
			isa = PBXSourcesBuildPhase;
			buildActionMask = 2147483647;
			files = (
				AC8B6D0F1C56DCF200598B6F /* main.c in Sources */,
				AC8B6D1A1C56DEB000598B6F /* fplib.c in Sources */,
			);
			runOnlyForDeploymentPostprocessing = 0;
		};
/* End PBXSourcesBuildPhase section */

/* Begin XCBuildConfiguration section */
		AC8B6D101C56DCF200598B6F /* Debug */ = {
			isa = XCBuildConfiguration;
			buildSettings = {
				ALWAYS_SEARCH_USER_PATHS = NO;
				CLANG_CXX_LANGUAGE_STANDARD = "gnu++0x";
				CLANG_CXX_LIBRARY = "libc++";
				CLANG_ENABLE_MODULES = YES;
				CLANG_ENABLE_OBJC_ARC = YES;
				CLANG_WARN_BOOL_CONVERSION = YES;
				CLANG_WARN_CONSTANT_CONVERSION = YES;
				CLANG_WARN_DIRECT_OBJC_ISA_USAGE = YES_ERROR;
				CLANG_WARN_EMPTY_BODY = YES;
				CLANG_WARN_ENUM_CONVERSION = YES;
				CLANG_WARN_INT_CONVERSION = YES;
				CLANG_WARN_OBJC_ROOT_CLASS = YES_ERROR;
				CLANG_WARN_UNREACHABLE_CODE = YES;
				CLANG_WARN__DUPLICATE_METHOD_MATCH = YES;
				CODE_SIGN_IDENTITY = "-";
				COPY_PHASE_STRIP = NO;
				DEBUG_INFORMATION_FORMAT = dwarf;
				ENABLE_STRICT_OBJC_MSGSEND = YES;
				ENABLE_TESTABILITY = YES;
				GCC_C_LANGUAGE_STANDARD = gnu99;
				GCC_DYNAMIC_NO_PIC = NO;
				GCC_NO_COMMON_BLOCKS = YES;
				GCC_OPTIMIZATION_LEVEL = 0;
				GCC_PREPROCESSOR_DEFINITIONS = (
					"DEBUG=1",
					"$(inherited)",
				);
				GCC_WARN_64_TO_32_BIT_CONVERSION = YES;
				GCC_WARN_ABOUT_RETURN_TYPE = YES_ERROR;
				GCC_WARN_UNDECLARED_SELECTOR = YES;
				GCC_WARN_UNINITIALIZED_AUTOS = YES_AGGRESSIVE;
				GCC_WARN_UNUSED_FUNCTION = YES;
				GCC_WARN_UNUSED_VARIABLE = YES;
				MACOSX_DEPLOYMENT_TARGET = 10.10;
				MTL_ENABLE_DEBUG_INFO = YES;
				ONLY_ACTIVE_ARCH = YES;
				SDKROOT = macosx;
			};
			name = Debug;
		};
		AC8B6D111C56DCF200598B6F /* Release */ = {
			isa = XCBuildConfiguration;
			buildSettings = {
				ALWAYS_SEARCH_USER_PATHS = NO;
				CLANG_CXX_LANGUAGE_STANDARD = "gnu++0x";
				CLANG_CXX_LIBRARY = "libc++";
				CLANG_ENABLE_MODULES = YES;
				CLANG_ENABLE_OBJC_ARC = YES;
				CLANG_WARN_BOOL_CONVERSION = YES;
				CLANG_WARN_CONSTANT_CONVERSION = YES;
				CLANG_WARN_DIRECT_OBJC_ISA_USAGE = YES_ERROR;
				CLANG_WARN_EMPTY_BODY = YES;
				CLANG_WARN_ENUM_CONVERSION = YES;
				CLANG_WARN_INT_CONVERSION = YES;
				CLANG_WARN_OBJC_ROOT_CLASS = YES_ERROR;
				CLANG_WARN_UNREACHABLE_CODE = YES;
				CLANG_WARN__DUPLICATE_METHOD_MATCH = YES;
				CODE_SIGN_IDENTITY = "-";
				COPY_PHASE_STRIP = NO;
				DEBUG_INFORMATION_FORMAT = "dwarf-with-dsym";
				ENABLE_NS_ASSERTIONS = NO;
				ENABLE_STRICT_OBJC_MSGSEND = YES;
				GCC_C_LANGUAGE_STANDARD = gnu99;
				GCC_NO_COMMON_BLOCKS = YES;
				GCC_WARN_64_TO_32_BIT_CONVERSION = YES;
				GCC_WARN_ABOUT_RETURN_TYPE = YES_ERROR;
				GCC_WARN_UNDECLARED_SELECTOR = YES;
				GCC_WARN_UNINITIALIZED_AUTOS = YES_AGGRESSIVE;
				GCC_WARN_UNUSED_FUNCTION = YES;
				GCC_WARN_UNUSED_VARIABLE = YES;
				MACOSX_DEPLOYMENT_TARGET = 10.10;
				MTL_ENABLE_DEBUG_INFO = NO;
				SDKROOT = macosx;
			};
			name = Release;
		};
		AC8B6D131C56DCF200598B6F /* Debug */ = {
			isa = XCBuildConfiguration;
			buildSettings = {
				PRODUCT_NAME = "$(TARGET_NAME)";
			};
			name = Debug;
		};
		AC8B6D141C56DCF200598B6F /* Release */ = {
			isa = XCBuildConfiguration;
			buildSettings = {
				PRODUCT_NAME = "$(TARGET_NAME)";
			};
			name = Release;
		};
/* End XCBuildConfiguration section */

/* Begin XCConfigurationList section */
		AC8B6D061C56DCF200598B6F /* Build configuration list for PBXProject "floatingPointEncodings" */ = {
			isa = XCConfigurationList;
			buildConfigurations = (
				AC8B6D101C56DCF200598B6F /* Debug */,
				AC8B6D111C56DCF200598B6F /* Release */,
			);
			defaultConfigurationIsVisible = 0;
			defaultConfigurationName = Release;
		};
		AC8B6D121C56DCF200598B6F /* Build configuration list for PBXNativeTarget "floatingPointEncodings" */ = {
			isa = XCConfigurationList;
			buildConfigurations = (
				AC8B6D131C56DCF200598B6F /* Debug */,
				AC8B6D141C56DCF200598B6F /* Release */,
			);
			defaultConfigurationIsVisible = 0;
		};
/* End XCConfigurationList section */
	};
	rootObject = AC8B6D031C56DCF200598B6F /* Project object */;
}
